
Microsoft Visual Studio Solution File, Format Version 12.00
# Visual Studio 15
Project("{FAE04EC0-301F-11D3-BF4B-00C04F79EFBC}") = "NavMeshPlusEditor", "NavMeshPlusEditor.csproj", "{2395E86E-4E07-08C0-0D97-4870278AF89D}"
EndProject
Project("{FAE04EC0-301F-11D3-BF4B-00C04F79EFBC}") = "Assembly-CSharp", "Assembly-CSharp.csproj", "{DDFBC18F-9396-3137-9CFE-DEB2CDB74636}"
EndProject
Project("{FAE04EC0-301F-11D3-BF4B-00C04F79EFBC}") = "NavMeshPlus", "NavMeshPlus.csproj", "{89F53F1A-66B4-E54A-A344-36934E836C9B}"
EndProject
Global
	GlobalSection(SolutionConfigurationPlatforms) = preSolution
		Debug|Any CPU = Debug|Any CPU
		Release|Any CPU = Release|Any CPU
	EndGlobalSection
	GlobalSection(ProjectConfigurationPlatforms) = postSolution
		{2395E86E-4E07-08C0-0D97-4870278AF89D}.Debug|Any CPU.ActiveCfg = Debug|Any CPU
		{2395E86E-4E07-08C0-0D97-4870278AF89D}.Debug|Any CPU.Build.0 = Debug|Any CPU
		{2395E86E-4E07-08C0-0D97-4870278AF89D}.Release|Any CPU.ActiveCfg = Release|Any CPU
		{2395E86E-4E07-08C0-0D97-4870278AF89D}.Release|Any CPU.Build.0 = Release|Any CPU
		{DDFBC18F-9396-3137-9CFE-DEB2CDB74636}.Debug|Any CPU.ActiveCfg = Debug|Any CPU
		{DDFBC18F-9396-3137-9CFE-DEB2CDB74636}.Debug|Any CPU.Build.0 = Debug|Any CPU
		{DDFBC18F-9396-3137-9CFE-DEB2CDB74636}.Release|Any CPU.ActiveCfg = Release|Any CPU
		{DDFBC18F-9396-3137-9CFE-DEB2CDB74636}.Release|Any CPU.Build.0 = Release|Any CPU
		{89F53F1A-66B4-E54A-A344-36934E836C9B}.Debug|Any CPU.ActiveCfg = Debug|Any CPU
		{89F53F1A-66B4-E54A-A344-36934E836C9B}.Debug|Any CPU.Build.0 = Debug|Any CPU
		{89F53F1A-66B4-E54A-A344-36934E836C9B}.Release|Any CPU.ActiveCfg = Release|Any CPU
		{89F53F1A-66B4-E54A-A344-36934E836C9B}.Release|Any CPU.Build.0 = Release|Any CPU
	EndGlobalSection
	GlobalSection(SolutionProperties) = preSolution
		HideSolutionNode = FALSE
	EndGlobalSection
EndGlobal
